
Microsoft Visual Studio Solution File, Format Version 12.00
# Visual Studio Version 17
VisualStudioVersion = 17.2.32519.379
MinimumVisualStudioVersion = 10.0.40219.1
Project("{FAE04EC0-301F-11D3-BF4B-00C04F79EFBC}") = "CsvDataFeeder", "CsvDataFeeder\CsvDataFeeder.csproj", "{BBCCB52A-9D9C-4FDF-A4C4-2E0AB76723BD}"
EndProject
Global
	GlobalSection(SolutionConfigurationPlatforms) = preSolution
		Debug|Any CPU = Debug|Any CPU
		Release|Any CPU = Release|Any CPU
	EndGlobalSection
	GlobalSection(ProjectConfigurationPlatforms) = postSolution
		{BBCCB52A-9D9C-4FDF-A4C4-2E0AB76723BD}.Debug|Any CPU.ActiveCfg = Debug|Any CPU
		{BBCCB52A-9D9C-4FDF-A4C4-2E0AB76723BD}.Debug|Any CPU.Build.0 = Debug|Any CPU
		{BBCCB52A-9D9C-4FDF-A4C4-2E0AB76723BD}.Release|Any CPU.ActiveCfg = Release|Any CPU
		{BBCCB52A-9D9C-4FDF-A4C4-2E0AB76723BD}.Release|Any CPU.Build.0 = Release|Any CPU
	EndGlobalSection
	GlobalSection(SolutionProperties) = preSolution
		HideSolutionNode = FALSE
	EndGlobalSection
	GlobalSection(ExtensibilityGlobals) = postSolution
		SolutionGuid = {17A0492E-E47E-46F8-AA0C-FCC3E4BB8696}
	EndGlobalSection
EndGlobal
